
Microsoft Visual Studio Solution File, Format Version 12.00
Project("{2150E333-8FDC-42A3-9474-1A3956D46DE8}") = "src", "src", "{D504DE6F-D915-4F1D-B6C5-07786C0E9DDA}"
EndProject
Project("{2150E333-8FDC-42A3-9474-1A3956D46DE8}") = "examples", "examples", "{0862A1EC-A3AD-4A83-908C-26B3D38FF20F}"
EndProject
Project("{2150E333-8FDC-42A3-9474-1A3956D46DE8}") = "tests", "tests", "{6F9A18A3-ED93-48F0-A80A-6ABF9E17F0D4}"
EndProject
Project("{F2A71F9B-5D33-465A-A702-920D77279786}") = "Oxpecker.Solid", "src\Oxpecker.Solid\Oxpecker.Solid.fsproj", "{E36E84B5-F251-4A10-B2E0-9841D4CDAABC}"
EndProject
Project("{F2A71F9B-5D33-465A-A702-920D77279786}") = "Oxpecker.Solid.FablePlugin", "src\Oxpecker.Solid.FablePlugin\Oxpecker.Solid.FablePlugin.fsproj", "{8632CB9E-1E48-47DB-A8D0-081915CC6AB3}"
EndProject
Project("{F2A71F9B-5D33-465A-A702-920D77279786}") = "Oxpecker.Solid.Tests", "tests\Oxpecker.Solid.Tests\Oxpecker.Solid.Tests.fsproj", "{DE3D2630-42B0-4458-8438-F6922CDD4E98}"
EndProject
Project("{F2A71F9B-5D33-465A-A702-920D77279786}") = "TodoList", "examples\TodoList\TodoList.fsproj", "{9AFF5FDA-3D80-4E95-AFE0-E95AC4B24B1B}"
EndProject
Project("{F2A71F9B-5D33-465A-A702-920D77279786}") = "EmptySolid", "examples\EmptySolid\EmptySolid.fsproj", "{3F2E646C-83F9-43DC-9131-3EC327E10CB1}"
EndProject
Project("{2150E333-8FDC-42A3-9474-1A3956D46DE8}") = "CRUD", "CRUD", "{D4E77AA7-769F-4587-BB84-796FE9112263}"
EndProject
Project("{F2A71F9B-5D33-465A-A702-920D77279786}") = "Frontend", "examples\CRUD\Frontend\Frontend.fsproj", "{633B123B-5B99-4477-94A0-B6CB9CF98DB9}"
EndProject
Project("{F2A71F9B-5D33-465A-A702-920D77279786}") = "Shared", "examples\CRUD\Shared\Shared.fsproj", "{D7484D4E-B3E3-444E-8355-A381C917F200}"
EndProject
Global
	GlobalSection(SolutionConfigurationPlatforms) = preSolution
		Debug|Any CPU = Debug|Any CPU
		Release|Any CPU = Release|Any CPU
	EndGlobalSection
	GlobalSection(NestedProjects) = preSolution
		{E36E84B5-F251-4A10-B2E0-9841D4CDAABC} = {D504DE6F-D915-4F1D-B6C5-07786C0E9DDA}
		{8632CB9E-1E48-47DB-A8D0-081915CC6AB3} = {D504DE6F-D915-4F1D-B6C5-07786C0E9DDA}
		{DE3D2630-42B0-4458-8438-F6922CDD4E98} = {6F9A18A3-ED93-48F0-A80A-6ABF9E17F0D4}
		{9AFF5FDA-3D80-4E95-AFE0-E95AC4B24B1B} = {0862A1EC-A3AD-4A83-908C-26B3D38FF20F}
		{3F2E646C-83F9-43DC-9131-3EC327E10CB1} = {0862A1EC-A3AD-4A83-908C-26B3D38FF20F}
		{D4E77AA7-769F-4587-BB84-796FE9112263} = {0862A1EC-A3AD-4A83-908C-26B3D38FF20F}
		{633B123B-5B99-4477-94A0-B6CB9CF98DB9} = {D4E77AA7-769F-4587-BB84-796FE9112263}
		{D7484D4E-B3E3-444E-8355-A381C917F200} = {D4E77AA7-769F-4587-BB84-796FE9112263}
	EndGlobalSection
	GlobalSection(ProjectConfigurationPlatforms) = postSolution
		{E36E84B5-F251-4A10-B2E0-9841D4CDAABC}.Debug|Any CPU.ActiveCfg = Debug|Any CPU
		{E36E84B5-F251-4A10-B2E0-9841D4CDAABC}.Debug|Any CPU.Build.0 = Debug|Any CPU
		{E36E84B5-F251-4A10-B2E0-9841D4CDAABC}.Release|Any CPU.ActiveCfg = Release|Any CPU
		{E36E84B5-F251-4A10-B2E0-9841D4CDAABC}.Release|Any CPU.Build.0 = Release|Any CPU
		{8632CB9E-1E48-47DB-A8D0-081915CC6AB3}.Debug|Any CPU.ActiveCfg = Debug|Any CPU
		{8632CB9E-1E48-47DB-A8D0-081915CC6AB3}.Debug|Any CPU.Build.0 = Debug|Any CPU
		{8632CB9E-1E48-47DB-A8D0-081915CC6AB3}.Release|Any CPU.ActiveCfg = Release|Any CPU
		{8632CB9E-1E48-47DB-A8D0-081915CC6AB3}.Release|Any CPU.Build.0 = Release|Any CPU
		{DE3D2630-42B0-4458-8438-F6922CDD4E98}.Debug|Any CPU.ActiveCfg = Debug|Any CPU
		{DE3D2630-42B0-4458-8438-F6922CDD4E98}.Debug|Any CPU.Build.0 = Debug|Any CPU
		{DE3D2630-42B0-4458-8438-F6922CDD4E98}.Release|Any CPU.ActiveCfg = Release|Any CPU
		{DE3D2630-42B0-4458-8438-F6922CDD4E98}.Release|Any CPU.Build.0 = Release|Any CPU
		{9AFF5FDA-3D80-4E95-AFE0-E95AC4B24B1B}.Debug|Any CPU.ActiveCfg = Debug|Any CPU
		{9AFF5FDA-3D80-4E95-AFE0-E95AC4B24B1B}.Debug|Any CPU.Build.0 = Debug|Any CPU
		{9AFF5FDA-3D80-4E95-AFE0-E95AC4B24B1B}.Release|Any CPU.ActiveCfg = Release|Any CPU
		{9AFF5FDA-3D80-4E95-AFE0-E95AC4B24B1B}.Release|Any CPU.Build.0 = Release|Any CPU
		{3F2E646C-83F9-43DC-9131-3EC327E10CB1}.Debug|Any CPU.ActiveCfg = Debug|Any CPU
		{3F2E646C-83F9-43DC-9131-3EC327E10CB1}.Debug|Any CPU.Build.0 = Debug|Any CPU
		{3F2E646C-83F9-43DC-9131-3EC327E10CB1}.Release|Any CPU.ActiveCfg = Release|Any CPU
		{3F2E646C-83F9-43DC-9131-3EC327E10CB1}.Release|Any CPU.Build.0 = Release|Any CPU
		{633B123B-5B99-4477-94A0-B6CB9CF98DB9}.Debug|Any CPU.ActiveCfg = Debug|Any CPU
		{633B123B-5B99-4477-94A0-B6CB9CF98DB9}.Debug|Any CPU.Build.0 = Debug|Any CPU
		{633B123B-5B99-4477-94A0-B6CB9CF98DB9}.Release|Any CPU.ActiveCfg = Release|Any CPU
		{633B123B-5B99-4477-94A0-B6CB9CF98DB9}.Release|Any CPU.Build.0 = Release|Any CPU
		{D7484D4E-B3E3-444E-8355-A381C917F200}.Debug|Any CPU.ActiveCfg = Debug|Any CPU
		{D7484D4E-B3E3-444E-8355-A381C917F200}.Debug|Any CPU.Build.0 = Debug|Any CPU
		{D7484D4E-B3E3-444E-8355-A381C917F200}.Release|Any CPU.ActiveCfg = Release|Any CPU
		{D7484D4E-B3E3-444E-8355-A381C917F200}.Release|Any CPU.Build.0 = Release|Any CPU
	EndGlobalSection
EndGlobal
